
Microsoft Visual Studio Solution File, Format Version 12.00
# Visual Studio Version 17
VisualStudioVersion = 17.14.36301.6 d17.14
MinimumVisualStudioVersion = 10.0.40219.1
Project("{FAE04EC0-301F-11D3-BF4B-00C04F79EFBC}") = "UFD", "UFD\UFD.csproj", "{37A4C4F7-EF6F-41B5-AAE0-D0E1E5E7F070}"
EndProject
Global
	GlobalSection(SolutionConfigurationPlatforms) = preSolution
		Debug|Any CPU = Debug|Any CPU
		Release|Any CPU = Release|Any CPU
	EndGlobalSection
	GlobalSection(ProjectConfigurationPlatforms) = postSolution
		{37A4C4F7-EF6F-41B5-AAE0-D0E1E5E7F070}.Debug|Any CPU.ActiveCfg = Debug|Any CPU
		{37A4C4F7-EF6F-41B5-AAE0-D0E1E5E7F070}.Debug|Any CPU.Build.0 = Debug|Any CPU
		{37A4C4F7-EF6F-41B5-AAE0-D0E1E5E7F070}.Release|Any CPU.ActiveCfg = Release|Any CPU
		{37A4C4F7-EF6F-41B5-AAE0-D0E1E5E7F070}.Release|Any CPU.Build.0 = Release|Any CPU
	EndGlobalSection
	GlobalSection(SolutionProperties) = preSolution
		HideSolutionNode = FALSE
	EndGlobalSection
	GlobalSection(ExtensibilityGlobals) = postSolution
		SolutionGuid = {FD3D31FB-7BE7-463D-8854-15CE5801A3E4}
	EndGlobalSection
EndGlobal
